// !$*UTF8*$!
{
	archiveVersion = 1;
	classes = {
	};
	objectVersion = 45;
	objects = {

/* Begin PBXBuildFile section */
		0306003410C6321100EDE268 /* FeedParser.m in Sources */ = {isa = PBXBuildFile; fileRef = 0306003310C6321100EDE268 /* FeedParser.m */; };
		0306003D10C6363000EDE268 /* FeedEntry.m in Sources */ = {isa = PBXBuildFile; fileRef = 0306003C10C6363000EDE268 /* FeedEntry.m */; };
		0306011A10C71AB700EDE268 /* NSString+InflectionSupport.m in Sources */ = {isa = PBXBuildFile; fileRef = 0306011810C71AB700EDE268 /* NSString+InflectionSupport.m */; };
		0306FF4A10C5F67F00EDE268 /* CLEAR.m in Sources */ = {isa = PBXBuildFile; fileRef = 0306FF4910C5F67F00EDE268 /* CLEAR.m */; };
		0306FF4D10C5F6BB00EDE268 /* CruiseControl.m in Sources */ = {isa = PBXBuildFile; fileRef = 0306FF4C10C5F6BB00EDE268 /* CruiseControl.m */; };
		0306FF5010C5F78200EDE268 /* Message.m in Sources */ = {isa = PBXBuildFile; fileRef = 0306FF4F10C5F78200EDE268 /* Message.m */; };
		03408BDA10C505C100594B6D /* Source.m in Sources */ = {isa = PBXBuildFile; fileRef = 03408BD910C505C100594B6D /* Source.m */; };
		03408BE510C5063500594B6D /* Notifier.m in Sources */ = {isa = PBXBuildFile; fileRef = 03408BE410C5063500594B6D /* Notifier.m */; };
		03408E6810C512D400594B6D /* FeedSource.m in Sources */ = {isa = PBXBuildFile; fileRef = 03408E6710C512D400594B6D /* FeedSource.m */; };
		03408E8610C515FA00594B6D /* Growl.framework in Frameworks */ = {isa = PBXBuildFile; fileRef = 03408E8510C515FA00594B6D /* Growl.framework */; };
		03408E8F10C5161600594B6D /* Growl.framework in CopyFiles */ = {isa = PBXBuildFile; fileRef = 03408E8510C515FA00594B6D /* Growl.framework */; };
		03408E9610C5166500594B6D /* GrowlNotifier.m in Sources */ = {isa = PBXBuildFile; fileRef = 03408E9510C5166500594B6D /* GrowlNotifier.m */; };
		03408ED010C520E300594B6D /* Growl Registration Ticket.growlRegDict in Resources */ = {isa = PBXBuildFile; fileRef = 03408ECF10C520E300594B6D /* Growl Registration Ticket.growlRegDict */; };
		0394596110C7AFDF00785C37 /* ISO8601DateFormatter.m in Sources */ = {isa = PBXBuildFile; fileRef = 0394595F10C7AFDF00785C37 /* ISO8601DateFormatter.m */; };
		039459F210C7C37D00785C37 /* NoiseDataModel.xcdatamodel in Sources */ = {isa = PBXBuildFile; fileRef = 039459F110C7C37D00785C37 /* NoiseDataModel.xcdatamodel */; };
		1DDD58160DA1D0A300B32029 /* MainMenu.xib in Resources */ = {isa = PBXBuildFile; fileRef = 1DDD58140DA1D0A300B32029 /* MainMenu.xib */; };
		256AC3DA0F4B6AC300CF3369 /* NoiseApp.m in Sources */ = {isa = PBXBuildFile; fileRef = 256AC3D90F4B6AC300CF3369 /* NoiseApp.m */; };
		8D11072B0486CEB800E47090 /* InfoPlist.strings in Resources */ = {isa = PBXBuildFile; fileRef = 089C165CFE840E0CC02AAC07 /* InfoPlist.strings */; };
		8D11072D0486CEB800E47090 /* main.m in Sources */ = {isa = PBXBuildFile; fileRef = 29B97316FDCFA39411CA2CEA /* main.m */; settings = {ATTRIBUTES = (); }; };
		8D11072F0486CEB800E47090 /* Cocoa.framework in Frameworks */ = {isa = PBXBuildFile; fileRef = 1058C7A1FEA54F0111CA2CBB /* Cocoa.framework */; };
/* End PBXBuildFile section */

/* Begin PBXCopyFilesBuildPhase section */
		03408E9010C5163400594B6D /* CopyFiles */ = {
			isa = PBXCopyFilesBuildPhase;
			buildActionMask = 2147483647;
			dstPath = "";
			dstSubfolderSpec = 10;
			files = (
				03408E8F10C5161600594B6D /* Growl.framework in CopyFiles */,
			);
			runOnlyForDeploymentPostprocessing = 0;
		};
/* End PBXCopyFilesBuildPhase section */

/* Begin PBXFileReference section */
		0306003210C6321100EDE268 /* FeedParser.h */ = {isa = PBXFileReference; fileEncoding = 4; lastKnownFileType = sourcecode.c.h; path = FeedParser.h; sourceTree = "<group>"; };
		0306003310C6321100EDE268 /* FeedParser.m */ = {isa = PBXFileReference; fileEncoding = 4; lastKnownFileType = sourcecode.c.objc; path = FeedParser.m; sourceTree = "<group>"; };
		0306003B10C6363000EDE268 /* FeedEntry.h */ = {isa = PBXFileReference; fileEncoding = 4; lastKnownFileType = sourcecode.c.h; path = FeedEntry.h; sourceTree = "<group>"; };
		0306003C10C6363000EDE268 /* FeedEntry.m */ = {isa = PBXFileReference; fileEncoding = 4; lastKnownFileType = sourcecode.c.objc; path = FeedEntry.m; sourceTree = "<group>"; };
		0306011810C71AB700EDE268 /* NSString+InflectionSupport.m */ = {isa = PBXFileReference; fileEncoding = 4; lastKnownFileType = sourcecode.c.objc; path = "NSString+InflectionSupport.m"; sourceTree = "<group>"; };
		0306011910C71AB700EDE268 /* NSString+InflectionSupport.h */ = {isa = PBXFileReference; fileEncoding = 4; lastKnownFileType = sourcecode.c.h; path = "NSString+InflectionSupport.h"; sourceTree = "<group>"; };
		0306FF4810C5F67F00EDE268 /* CLEAR.h */ = {isa = PBXFileReference; fileEncoding = 4; lastKnownFileType = sourcecode.c.h; path = CLEAR.h; sourceTree = "<group>"; };
		0306FF4910C5F67F00EDE268 /* CLEAR.m */ = {isa = PBXFileReference; fileEncoding = 4; lastKnownFileType = sourcecode.c.objc; path = CLEAR.m; sourceTree = "<group>"; };
		0306FF4B10C5F6BB00EDE268 /* CruiseControl.h */ = {isa = PBXFileReference; fileEncoding = 4; lastKnownFileType = sourcecode.c.h; path = CruiseControl.h; sourceTree = "<group>"; };
		0306FF4C10C5F6BB00EDE268 /* CruiseControl.m */ = {isa = PBXFileReference; fileEncoding = 4; lastKnownFileType = sourcecode.c.objc; path = CruiseControl.m; sourceTree = "<group>"; };
		0306FF4E10C5F78200EDE268 /* Message.h */ = {isa = PBXFileReference; fileEncoding = 4; lastKnownFileType = sourcecode.c.h; path = Message.h; sourceTree = "<group>"; };
		0306FF4F10C5F78200EDE268 /* Message.m */ = {isa = PBXFileReference; fileEncoding = 4; lastKnownFileType = sourcecode.c.objc; path = Message.m; sourceTree = "<group>"; };
		03408BD810C505C100594B6D /* Source.h */ = {isa = PBXFileReference; fileEncoding = 4; lastKnownFileType = sourcecode.c.h; path = Source.h; sourceTree = "<group>"; };
		03408BD910C505C100594B6D /* Source.m */ = {isa = PBXFileReference; fileEncoding = 4; lastKnownFileType = sourcecode.c.objc; path = Source.m; sourceTree = "<group>"; };
		03408BE310C5063500594B6D /* Notifier.h */ = {isa = PBXFileReference; fileEncoding = 4; lastKnownFileType = sourcecode.c.h; path = Notifier.h; sourceTree = "<group>"; };
		03408BE410C5063500594B6D /* Notifier.m */ = {isa = PBXFileReference; fileEncoding = 4; lastKnownFileType = sourcecode.c.objc; path = Notifier.m; sourceTree = "<group>"; };
		03408D3210C50B3B00594B6D /* SourceDelegate.h */ = {isa = PBXFileReference; fileEncoding = 4; lastKnownFileType = sourcecode.c.h; path = SourceDelegate.h; sourceTree = "<group>"; };
		03408E6610C512D400594B6D /* FeedSource.h */ = {isa = PBXFileReference; fileEncoding = 4; lastKnownFileType = sourcecode.c.h; path = FeedSource.h; sourceTree = "<group>"; };
		03408E6710C512D400594B6D /* FeedSource.m */ = {isa = PBXFileReference; fileEncoding = 4; lastKnownFileType = sourcecode.c.objc; path = FeedSource.m; sourceTree = "<group>"; };
		03408E8510C515FA00594B6D /* Growl.framework */ = {isa = PBXFileReference; lastKnownFileType = wrapper.framework; name = Growl.framework; path = vendor/frameworks/Growl.framework; sourceTree = "<group>"; };
		03408E9410C5166500594B6D /* GrowlNotifier.h */ = {isa = PBXFileReference; fileEncoding = 4; lastKnownFileType = sourcecode.c.h; path = GrowlNotifier.h; sourceTree = "<group>"; };
		03408E9510C5166500594B6D /* GrowlNotifier.m */ = {isa = PBXFileReference; fileEncoding = 4; lastKnownFileType = sourcecode.c.objc; path = GrowlNotifier.m; sourceTree = "<group>"; };
		03408ECF10C520E300594B6D /* Growl Registration Ticket.growlRegDict */ = {isa = PBXFileReference; fileEncoding = 4; lastKnownFileType = text.xml; path = "Growl Registration Ticket.growlRegDict"; sourceTree = "<group>"; };
		0394595F10C7AFDF00785C37 /* ISO8601DateFormatter.m */ = {isa = PBXFileReference; fileEncoding = 4; lastKnownFileType = sourcecode.c.objc; path = ISO8601DateFormatter.m; sourceTree = "<group>"; };
		0394596010C7AFDF00785C37 /* ISO8601DateFormatter.h */ = {isa = PBXFileReference; fileEncoding = 4; lastKnownFileType = sourcecode.c.h; path = ISO8601DateFormatter.h; sourceTree = "<group>"; };
		039459F110C7C37D00785C37 /* NoiseDataModel.xcdatamodel */ = {isa = PBXFileReference; fileEncoding = 4; lastKnownFileType = wrapper.xcdatamodel; path = NoiseDataModel.xcdatamodel; sourceTree = "<group>"; };
		089C165DFE840E0CC02AAC07 /* English */ = {isa = PBXFileReference; fileEncoding = 4; lastKnownFileType = text.plist.strings; name = English; path = English.lproj/InfoPlist.strings; sourceTree = "<group>"; };
		1058C7A1FEA54F0111CA2CBB /* Cocoa.framework */ = {isa = PBXFileReference; lastKnownFileType = wrapper.framework; name = Cocoa.framework; path = /System/Library/Frameworks/Cocoa.framework; sourceTree = "<absolute>"; };
		13E42FB307B3F0F600E4EEF1 /* CoreData.framework */ = {isa = PBXFileReference; lastKnownFileType = wrapper.framework; name = CoreData.framework; path = /System/Library/Frameworks/CoreData.framework; sourceTree = "<absolute>"; };
		1DDD58150DA1D0A300B32029 /* English */ = {isa = PBXFileReference; lastKnownFileType = file.xib; name = English; path = English.lproj/MainMenu.xib; sourceTree = "<group>"; };
		256AC3D80F4B6AC300CF3369 /* NoiseApp.h */ = {isa = PBXFileReference; fileEncoding = 4; lastKnownFileType = sourcecode.c.h; path = NoiseApp.h; sourceTree = "<group>"; };
		256AC3D90F4B6AC300CF3369 /* NoiseApp.m */ = {isa = PBXFileReference; fileEncoding = 4; lastKnownFileType = sourcecode.c.objc; path = NoiseApp.m; sourceTree = "<group>"; };
		256AC3F00F4B6AF500CF3369 /* Noise_Prefix.pch */ = {isa = PBXFileReference; fileEncoding = 4; lastKnownFileType = sourcecode.c.h; path = Noise_Prefix.pch; sourceTree = "<group>"; };
		29B97316FDCFA39411CA2CEA /* main.m */ = {isa = PBXFileReference; fileEncoding = 4; lastKnownFileType = sourcecode.c.objc; path = main.m; sourceTree = "<group>"; };
		29B97324FDCFA39411CA2CEA /* AppKit.framework */ = {isa = PBXFileReference; lastKnownFileType = wrapper.framework; name = AppKit.framework; path = /System/Library/Frameworks/AppKit.framework; sourceTree = "<absolute>"; };
		29B97325FDCFA39411CA2CEA /* Foundation.framework */ = {isa = PBXFileReference; lastKnownFileType = wrapper.framework; name = Foundation.framework; path = /System/Library/Frameworks/Foundation.framework; sourceTree = "<absolute>"; };
		8D1107310486CEB800E47090 /* Noise-Info.plist */ = {isa = PBXFileReference; fileEncoding = 4; lastKnownFileType = text.plist.xml; path = "Noise-Info.plist"; sourceTree = "<group>"; };
		8D1107320486CEB800E47090 /* Noise.app */ = {isa = PBXFileReference; explicitFileType = wrapper.application; includeInIndex = 0; path = Noise.app; sourceTree = BUILT_PRODUCTS_DIR; };
/* End PBXFileReference section */

/* Begin PBXFrameworksBuildPhase section */
		8D11072E0486CEB800E47090 /* Frameworks */ = {
			isa = PBXFrameworksBuildPhase;
			buildActionMask = 2147483647;
			files = (
				8D11072F0486CEB800E47090 /* Cocoa.framework in Frameworks */,
				03408E8610C515FA00594B6D /* Growl.framework in Frameworks */,
			);
			runOnlyForDeploymentPostprocessing = 0;
		};
/* End PBXFrameworksBuildPhase section */

/* Begin PBXGroup section */
		0320219010C73662000C9546 /* Util */ = {
			isa = PBXGroup;
			children = (
				0394596010C7AFDF00785C37 /* ISO8601DateFormatter.h */,
				0394595F10C7AFDF00785C37 /* ISO8601DateFormatter.m */,
				0306011910C71AB700EDE268 /* NSString+InflectionSupport.h */,
				0306011810C71AB700EDE268 /* NSString+InflectionSupport.m */,
			);
			name = Util;
			sourceTree = "<group>";
		};
		03408E6510C511BD00594B6D /* Sources */ = {
			isa = PBXGroup;
			children = (
				0306FF4810C5F67F00EDE268 /* CLEAR.h */,
				0306FF4910C5F67F00EDE268 /* CLEAR.m */,
				0306FF4B10C5F6BB00EDE268 /* CruiseControl.h */,
				0306FF4C10C5F6BB00EDE268 /* CruiseControl.m */,
				0306003B10C6363000EDE268 /* FeedEntry.h */,
				0306003C10C6363000EDE268 /* FeedEntry.m */,
				0306003210C6321100EDE268 /* FeedParser.h */,
				0306003310C6321100EDE268 /* FeedParser.m */,
				03408E6610C512D400594B6D /* FeedSource.h */,
				03408E6710C512D400594B6D /* FeedSource.m */,
			);
			name = Sources;
			sourceTree = "<group>";
		};
		03408E9310C5165300594B6D /* Notifiers */ = {
			isa = PBXGroup;
			children = (
				03408E9410C5166500594B6D /* GrowlNotifier.h */,
				03408E9510C5166500594B6D /* GrowlNotifier.m */,
			);
			name = Notifiers;
			sourceTree = "<group>";
		};
		039459F010C7C34700785C37 /* Models */ = {
			isa = PBXGroup;
			children = (
				039459F110C7C37D00785C37 /* NoiseDataModel.xcdatamodel */,
			);
			name = Models;
			sourceTree = "<group>";
		};
		080E96DDFE201D6D7F000001 /* Classes */ = {
			isa = PBXGroup;
			children = (
				0320219010C73662000C9546 /* Util */,
				03408E9310C5165300594B6D /* Notifiers */,
				03408E6510C511BD00594B6D /* Sources */,
				0306FF4E10C5F78200EDE268 /* Message.h */,
				0306FF4F10C5F78200EDE268 /* Message.m */,
				256AC3D80F4B6AC300CF3369 /* NoiseApp.h */,
				256AC3D90F4B6AC300CF3369 /* NoiseApp.m */,
				03408BE310C5063500594B6D /* Notifier.h */,
				03408BE410C5063500594B6D /* Notifier.m */,
				03408BD810C505C100594B6D /* Source.h */,
				03408BD910C505C100594B6D /* Source.m */,
				03408D3210C50B3B00594B6D /* SourceDelegate.h */,
			);
			name = Classes;
			sourceTree = "<group>";
		};
		1058C7A0FEA54F0111CA2CBB /* Linked Frameworks */ = {
			isa = PBXGroup;
			children = (
				03408E8510C515FA00594B6D /* Growl.framework */,
				1058C7A1FEA54F0111CA2CBB /* Cocoa.framework */,
			);
			name = "Linked Frameworks";
			sourceTree = "<group>";
		};
		1058C7A2FEA54F0111CA2CBB /* Other Frameworks */ = {
			isa = PBXGroup;
			children = (
				29B97324FDCFA39411CA2CEA /* AppKit.framework */,
				13E42FB307B3F0F600E4EEF1 /* CoreData.framework */,
				29B97325FDCFA39411CA2CEA /* Foundation.framework */,
			);
			name = "Other Frameworks";
			sourceTree = "<group>";
		};
		19C28FACFE9D520D11CA2CBB /* Products */ = {
			isa = PBXGroup;
			children = (
				8D1107320486CEB800E47090 /* Noise.app */,
			);
			name = Products;
			sourceTree = "<group>";
		};
		29B97314FDCFA39411CA2CEA /* Noise */ = {
			isa = PBXGroup;
			children = (
				039459F010C7C34700785C37 /* Models */,
				080E96DDFE201D6D7F000001 /* Classes */,
				29B97315FDCFA39411CA2CEA /* Other Sources */,
				29B97317FDCFA39411CA2CEA /* Resources */,
				29B97323FDCFA39411CA2CEA /* Frameworks */,
				19C28FACFE9D520D11CA2CBB /* Products */,
			);
			name = Noise;
			sourceTree = "<group>";
		};
		29B97315FDCFA39411CA2CEA /* Other Sources */ = {
			isa = PBXGroup;
			children = (
				256AC3F00F4B6AF500CF3369 /* Noise_Prefix.pch */,
				29B97316FDCFA39411CA2CEA /* main.m */,
			);
			name = "Other Sources";
			sourceTree = "<group>";
		};
		29B97317FDCFA39411CA2CEA /* Resources */ = {
			isa = PBXGroup;
			children = (
				03408ECF10C520E300594B6D /* Growl Registration Ticket.growlRegDict */,
				8D1107310486CEB800E47090 /* Noise-Info.plist */,
				089C165CFE840E0CC02AAC07 /* InfoPlist.strings */,
				1DDD58140DA1D0A300B32029 /* MainMenu.xib */,
			);
			name = Resources;
			sourceTree = "<group>";
		};
		29B97323FDCFA39411CA2CEA /* Frameworks */ = {
			isa = PBXGroup;
			children = (
				1058C7A0FEA54F0111CA2CBB /* Linked Frameworks */,
				1058C7A2FEA54F0111CA2CBB /* Other Frameworks */,
			);
			name = Frameworks;
			sourceTree = "<group>";
		};
/* End PBXGroup section */

/* Begin PBXNativeTarget section */
		8D1107260486CEB800E47090 /* Noise */ = {
			isa = PBXNativeTarget;
			buildConfigurationList = C01FCF4A08A954540054247B /* Build configuration list for PBXNativeTarget "Noise" */;
			buildPhases = (
				8D1107290486CEB800E47090 /* Resources */,
				8D11072C0486CEB800E47090 /* Sources */,
				8D11072E0486CEB800E47090 /* Frameworks */,
				03408E9010C5163400594B6D /* CopyFiles */,
			);
			buildRules = (
			);
			dependencies = (
			);
			name = Noise;
			productInstallPath = "$(HOME)/Applications";
			productName = Noise;
			productReference = 8D1107320486CEB800E47090 /* Noise.app */;
			productType = "com.apple.product-type.application";
		};
/* End PBXNativeTarget section */

/* Begin PBXProject section */
		29B97313FDCFA39411CA2CEA /* Project object */ = {
			isa = PBXProject;
			buildConfigurationList = C01FCF4E08A954540054247B /* Build configuration list for PBXProject "Noise" */;
			compatibilityVersion = "Xcode 3.1";
			hasScannedForEncodings = 1;
			mainGroup = 29B97314FDCFA39411CA2CEA /* Noise */;
			projectDirPath = "";
			projectRoot = "";
			targets = (
				8D1107260486CEB800E47090 /* Noise */,
			);
		};
/* End PBXProject section */

/* Begin PBXResourcesBuildPhase section */
		8D1107290486CEB800E47090 /* Resources */ = {
			isa = PBXResourcesBuildPhase;
			buildActionMask = 2147483647;
			files = (
				8D11072B0486CEB800E47090 /* InfoPlist.strings in Resources */,
				1DDD58160DA1D0A300B32029 /* MainMenu.xib in Resources */,
				03408ED010C520E300594B6D /* Growl Registration Ticket.growlRegDict in Resources */,
			);
			runOnlyForDeploymentPostprocessing = 0;
		};
/* End PBXResourcesBuildPhase section */

/* Begin PBXSourcesBuildPhase section */
		8D11072C0486CEB800E47090 /* Sources */ = {
			isa = PBXSourcesBuildPhase;
			buildActionMask = 2147483647;
			files = (
				8D11072D0486CEB800E47090 /* main.m in Sources */,
				256AC3DA0F4B6AC300CF3369 /* NoiseApp.m in Sources */,
				03408BDA10C505C100594B6D /* Source.m in Sources */,
				03408BE510C5063500594B6D /* Notifier.m in Sources */,
				03408E6810C512D400594B6D /* FeedSource.m in Sources */,
				03408E9610C5166500594B6D /* GrowlNotifier.m in Sources */,
				0306FF4A10C5F67F00EDE268 /* CLEAR.m in Sources */,
				0306FF4D10C5F6BB00EDE268 /* CruiseControl.m in Sources */,
				0306FF5010C5F78200EDE268 /* Message.m in Sources */,
				0306003410C6321100EDE268 /* FeedParser.m in Sources */,
				0306003D10C6363000EDE268 /* FeedEntry.m in Sources */,
				0306011A10C71AB700EDE268 /* NSString+InflectionSupport.m in Sources */,
				0394596110C7AFDF00785C37 /* ISO8601DateFormatter.m in Sources */,
				039459F210C7C37D00785C37 /* NoiseDataModel.xcdatamodel in Sources */,
			);
			runOnlyForDeploymentPostprocessing = 0;
		};
/* End PBXSourcesBuildPhase section */

/* Begin PBXVariantGroup section */
		089C165CFE840E0CC02AAC07 /* InfoPlist.strings */ = {
			isa = PBXVariantGroup;
			children = (
				089C165DFE840E0CC02AAC07 /* English */,
			);
			name = InfoPlist.strings;
			sourceTree = "<group>";
		};
		1DDD58140DA1D0A300B32029 /* MainMenu.xib */ = {
			isa = PBXVariantGroup;
			children = (
				1DDD58150DA1D0A300B32029 /* English */,
			);
			name = MainMenu.xib;
			sourceTree = "<group>";
		};
/* End PBXVariantGroup section */

/* Begin XCBuildConfiguration section */
		C01FCF4B08A954540054247B /* Debug */ = {
			isa = XCBuildConfiguration;
			buildSettings = {
				ALWAYS_SEARCH_USER_PATHS = NO;
				COPY_PHASE_STRIP = NO;
				FRAMEWORK_SEARCH_PATHS = (
					"$(inherited)",
					"\"$(SRCROOT)/vendor/frameworks\"",
				);
				GCC_DYNAMIC_NO_PIC = NO;
				GCC_ENABLE_FIX_AND_CONTINUE = YES;
				GCC_ENABLE_OBJC_GC = required;
				GCC_MODEL_TUNING = G5;
				GCC_OPTIMIZATION_LEVEL = 0;
				GCC_PRECOMPILE_PREFIX_HEADER = YES;
				GCC_PREFIX_HEADER = Noise_Prefix.pch;
				INFOPLIST_FILE = "Noise-Info.plist";
				INSTALL_PATH = "$(HOME)/Applications";
				PRODUCT_NAME = Noise;
			};
			name = Debug;
		};
		C01FCF4C08A954540054247B /* Release */ = {
			isa = XCBuildConfiguration;
			buildSettings = {
				ALWAYS_SEARCH_USER_PATHS = NO;
				DEBUG_INFORMATION_FORMAT = "dwarf-with-dsym";
				FRAMEWORK_SEARCH_PATHS = (
					"$(inherited)",
					"\"$(SRCROOT)/vendor/frameworks\"",
				);
				GCC_ENABLE_OBJC_GC = required;
				GCC_MODEL_TUNING = G5;
				GCC_PRECOMPILE_PREFIX_HEADER = YES;
				GCC_PREFIX_HEADER = Noise_Prefix.pch;
				INFOPLIST_FILE = "Noise-Info.plist";
				INSTALL_PATH = "$(HOME)/Applications";
				PRODUCT_NAME = Noise;
			};
			name = Release;
		};
		C01FCF4F08A954540054247B /* Debug */ = {
			isa = XCBuildConfiguration;
			buildSettings = {
				ARCHS = "$(ARCHS_STANDARD_32_64_BIT)";
				GCC_C_LANGUAGE_STANDARD = gnu99;
				GCC_OPTIMIZATION_LEVEL = 0;
				GCC_TREAT_WARNINGS_AS_ERRORS = YES;
				GCC_WARN_ABOUT_RETURN_TYPE = YES;
				GCC_WARN_UNUSED_VARIABLE = YES;
				ONLY_ACTIVE_ARCH = YES;
				PREBINDING = NO;
				SDKROOT = macosx10.6;
			};
			name = Debug;
		};
		C01FCF5008A954540054247B /* Release */ = {
			isa = XCBuildConfiguration;
			buildSettings = {
				ARCHS = "$(ARCHS_STANDARD_32_64_BIT)";
				GCC_C_LANGUAGE_STANDARD = gnu99;
				GCC_TREAT_WARNINGS_AS_ERRORS = YES;
				GCC_WARN_ABOUT_RETURN_TYPE = YES;
				GCC_WARN_UNUSED_VARIABLE = YES;
				PREBINDING = NO;
				SDKROOT = macosx10.6;
			};
			name = Release;
		};
/* End XCBuildConfiguration section */

/* Begin XCConfigurationList section */
		C01FCF4A08A954540054247B /* Build configuration list for PBXNativeTarget "Noise" */ = {
			isa = XCConfigurationList;
			buildConfigurations = (
				C01FCF4B08A954540054247B /* Debug */,
				C01FCF4C08A954540054247B /* Release */,
			);
			defaultConfigurationIsVisible = 0;
			defaultConfigurationName = Release;
		};
		C01FCF4E08A954540054247B /* Build configuration list for PBXProject "Noise" */ = {
			isa = XCConfigurationList;
			buildConfigurations = (
				C01FCF4F08A954540054247B /* Debug */,
				C01FCF5008A954540054247B /* Release */,
			);
			defaultConfigurationIsVisible = 0;
			defaultConfigurationName = Release;
		};
/* End XCConfigurationList section */
	};
	rootObject = 29B97313FDCFA39411CA2CEA /* Project object */;
}
